Microsoft Visual Studio Solution File, Format Version 12.00
# Visual Studio Version 17
VisualStudioVersion = 17.5.2.0
MinimumVisualStudioVersion = 10.0.40219.1
Project("{FAE04EC0-301F-11D3-BF4B-00C04F79EFBC}") = "MouseMaster", "MouseMaster.csproj", "{9B93434C-1655-29D1-25F8-53F4AEFABADE}"
EndProject
Project("{FAE04EC0-301F-11D3-BF4B-00C04F79EFBC}") = "MouseMaster.Tests", "MouseMaster.Tests\MouseMaster.Tests.csproj", "{A1B2C3D4-E5F6-7890-ABCD-EF1234567890}"
EndProject
Global
	GlobalSection(SolutionConfigurationPlatforms) = preSolution
		Debug|Any CPU = Debug|Any CPU
		Release|Any CPU = Release|Any CPU
	EndGlobalSection
	GlobalSection(ProjectConfigurationPlatforms) = postSolution
		{9B93434C-1655-29D1-25F8-53F4AEFABADE}.Debug|Any CPU.ActiveCfg = Debug|Any CPU
		{9B93434C-1655-29D1-25F8-53F4AEFABADE}.Debug|Any CPU.Build.0 = Debug|Any CPU
		{9B93434C-1655-29D1-25F8-53F4AEFABADE}.Release|Any CPU.ActiveCfg = Release|Any CPU
		{9B93434C-1655-29D1-25F8-53F4AEFABADE}.Release|Any CPU.Build.0 = Release|Any CPU
		{A1B2C3D4-E5F6-7890-ABCD-EF1234567890}.Debug|Any CPU.ActiveCfg = Debug|Any CPU
		{A1B2C3D4-E5F6-7890-ABCD-EF1234567890}.Debug|Any CPU.Build.0 = Debug|Any CPU
		{A1B2C3D4-E5F6-7890-ABCD-EF1234567890}.Release|Any CPU.ActiveCfg = Release|Any CPU
		{A1B2C3D4-E5F6-7890-ABCD-EF1234567890}.Release|Any CPU.Build.0 = Release|Any CPU
	EndGlobalSection
	GlobalSection(SolutionProperties) = preSolution
		HideSolutionNode = FALSE
	EndGlobalSection
	GlobalSection(ExtensibilityGlobals) = postSolution
		SolutionGuid = {90CA3801-F89D-4610-8280-E94EB58B88F1}
	EndGlobalSection
EndGlobal
